
Microsoft Visual Studio Solution File, Format Version 12.00
# Visual Studio 14
VisualStudioVersion = 14.0.25420.1
MinimumVisualStudioVersion = 10.0.40219.1
Project("{FAE04EC0-301F-11D3-BF4B-00C04F79EFBC}") = "CoveaAutoFramework", "CoveaAutoFramework\CoveaAutoFramework.csproj", "{04004B47-419C-4FAD-A244-81D7216FAA20}"
EndProject
Project("{FAE04EC0-301F-11D3-BF4B-00C04F79EFBC}") = "ProvidentDirect", "ProvidentDirect\ProvidentDirect.csproj", "{8B29ED11-8083-486B-9296-BCD4427DC348}"
EndProject
Global
	GlobalSection(SolutionConfigurationPlatforms) = preSolution
		Debug|Any CPU = Debug|Any CPU
		Release|Any CPU = Release|Any CPU
	EndGlobalSection
	GlobalSection(ProjectConfigurationPlatforms) = postSolution
		{04004B47-419C-4FAD-A244-81D7216FAA20}.Debug|Any CPU.ActiveCfg = Debug|Any CPU
		{04004B47-419C-4FAD-A244-81D7216FAA20}.Debug|Any CPU.Build.0 = Debug|Any CPU
		{04004B47-419C-4FAD-A244-81D7216FAA20}.Release|Any CPU.ActiveCfg = Release|Any CPU
		{04004B47-419C-4FAD-A244-81D7216FAA20}.Release|Any CPU.Build.0 = Release|Any CPU
		{8B29ED11-8083-486B-9296-BCD4427DC348}.Debug|Any CPU.ActiveCfg = Debug|Any CPU
		{8B29ED11-8083-486B-9296-BCD4427DC348}.Debug|Any CPU.Build.0 = Debug|Any CPU
		{8B29ED11-8083-486B-9296-BCD4427DC348}.Release|Any CPU.ActiveCfg = Release|Any CPU
		{8B29ED11-8083-486B-9296-BCD4427DC348}.Release|Any CPU.Build.0 = Release|Any CPU
	EndGlobalSection
	GlobalSection(SolutionProperties) = preSolution
		HideSolutionNode = FALSE
	EndGlobalSection
EndGlobal
